
Microsoft Visual Studio Solution File, Format Version 12.00
# Visual Studio Version 17
VisualStudioVersion = 17.14.36109.1
MinimumVisualStudioVersion = 10.0.40219.1
Project("{FAE04EC0-301F-11D3-BF4B-00C04F79EFBC}") = "CSharpEgitimKampi301.EntityLayer", "CSharpEgitimKampi301.EntityLayer\CSharpEgitimKampi301.EntityLayer.csproj", "{7AF7B204-7102-4EDF-8073-8AE9EF7AD292}"
EndProject
Project("{FAE04EC0-301F-11D3-BF4B-00C04F79EFBC}") = "CSharpEgitimKampi301.DataAccessLayer", "CSharpEgitimKampi301.DataAccessLayer\CSharpEgitimKampi301.DataAccessLayer.csproj", "{5A330988-F05E-4E1E-9D4E-FAF598C0DB55}"
EndProject
Project("{FAE04EC0-301F-11D3-BF4B-00C04F79EFBC}") = "CSharpEgitimKampi301.BusinessLayer", "CSharpEgitimKampi301.BusinessLayer\CSharpEgitimKampi301.BusinessLayer.csproj", "{055E8324-D941-4665-AE5D-21447AEC31AF}"
EndProject
Project("{FAE04EC0-301F-11D3-BF4B-00C04F79EFBC}") = "CSharpEgitimKampi301.PresentationLayer", "CSharpEgitimKampi301.PresentationLayer\CSharpEgitimKampi301.PresentationLayer.csproj", "{98AF678C-197F-423A-8C66-E6A584A94A23}"
EndProject
Global
	GlobalSection(SolutionConfigurationPlatforms) = preSolution
		Debug|Any CPU = Debug|Any CPU
		Release|Any CPU = Release|Any CPU
	EndGlobalSection
	GlobalSection(ProjectConfigurationPlatforms) = postSolution
		{7AF7B204-7102-4EDF-8073-8AE9EF7AD292}.Debug|Any CPU.ActiveCfg = Debug|Any CPU
		{7AF7B204-7102-4EDF-8073-8AE9EF7AD292}.Debug|Any CPU.Build.0 = Debug|Any CPU
		{7AF7B204-7102-4EDF-8073-8AE9EF7AD292}.Release|Any CPU.ActiveCfg = Release|Any CPU
		{7AF7B204-7102-4EDF-8073-8AE9EF7AD292}.Release|Any CPU.Build.0 = Release|Any CPU
		{5A330988-F05E-4E1E-9D4E-FAF598C0DB55}.Debug|Any CPU.ActiveCfg = Debug|Any CPU
		{5A330988-F05E-4E1E-9D4E-FAF598C0DB55}.Debug|Any CPU.Build.0 = Debug|Any CPU
		{5A330988-F05E-4E1E-9D4E-FAF598C0DB55}.Release|Any CPU.ActiveCfg = Release|Any CPU
		{5A330988-F05E-4E1E-9D4E-FAF598C0DB55}.Release|Any CPU.Build.0 = Release|Any CPU
		{055E8324-D941-4665-AE5D-21447AEC31AF}.Debug|Any CPU.ActiveCfg = Debug|Any CPU
		{055E8324-D941-4665-AE5D-21447AEC31AF}.Debug|Any CPU.Build.0 = Debug|Any CPU
		{055E8324-D941-4665-AE5D-21447AEC31AF}.Release|Any CPU.ActiveCfg = Release|Any CPU
		{055E8324-D941-4665-AE5D-21447AEC31AF}.Release|Any CPU.Build.0 = Release|Any CPU
		{98AF678C-197F-423A-8C66-E6A584A94A23}.Debug|Any CPU.ActiveCfg = Debug|Any CPU
		{98AF678C-197F-423A-8C66-E6A584A94A23}.Debug|Any CPU.Build.0 = Debug|Any CPU
		{98AF678C-197F-423A-8C66-E6A584A94A23}.Release|Any CPU.ActiveCfg = Release|Any CPU
		{98AF678C-197F-423A-8C66-E6A584A94A23}.Release|Any CPU.Build.0 = Release|Any CPU
	EndGlobalSection
	GlobalSection(SolutionProperties) = preSolution
		HideSolutionNode = FALSE
	EndGlobalSection
	GlobalSection(ExtensibilityGlobals) = postSolution
		SolutionGuid = {6AF5B1C8-0DE7-45A4-B52C-E5A8066DBC3E}
	EndGlobalSection
EndGlobal
